
Microsoft Visual Studio Solution File, Format Version 12.00
# Visual Studio Version 17
VisualStudioVersion = 17.0.32112.339
MinimumVisualStudioVersion = 10.0.40219.1
Project("{2150E333-8FDC-42A3-9474-1A3956D46DE8}") = "Api", "Api", "{43714271-9C64-4FD3-84F0-5CAAD381E4CB}"
EndProject
Project("{2150E333-8FDC-42A3-9474-1A3956D46DE8}") = "Databases", "Databases", "{E57EDF38-AA88-469B-AE45-2ED24E17F0FE}"
EndProject
Project("{E53339B2-1760-4266-BCC7-CA923CBCF16C}") = "docker-compose", "docker-compose.dcproj", "{55E570B7-AEB0-49CB-AC2F-D1A9F6ABC554}"
EndProject
Project("{2150E333-8FDC-42A3-9474-1A3956D46DE8}") = "Clients", "Clients", "{F2B3A3FB-E2D8-4608-A5B5-597719821103}"
EndProject
Project("{FAE04EC0-301F-11D3-BF4B-00C04F79EFBC}") = "FaceIO.Camera", "src\Clients\FaceIO.Camera\FaceIO.Camera.csproj", "{6B20C803-6CB2-4826-BC12-E3D30F408EC1}"
EndProject
Project("{00D1A9C2-B5F0-4AF3-8072-F6C62B433612}") = "FaceIO.Database", "src\Api\Databases\FaceIO.Database\FaceIO.Database.sqlproj", "{484A552F-DBB7-401C-BC54-46838890A395}"
EndProject
Project("{9A19103F-16F7-4668-BE54-9A1E7A4F7556}") = "FaceIO.Api", "src\Api\FaceIO.Api\FaceIO.Api.csproj", "{7D334D57-91AB-4AB3-BB48-8E8E9AFA86E5}"
EndProject
Project("{9A19103F-16F7-4668-BE54-9A1E7A4F7556}") = "FaceIO.Contracts", "src\Api\FaceIO.Contracts\FaceIO.Contracts.csproj", "{759571CC-DA66-4267-AB14-7DB846D272FC}"
EndProject
Project("{9A19103F-16F7-4668-BE54-9A1E7A4F7556}") = "FaceIO.Commands", "src\Api\FaceIO.Commands\FaceIO.Commands.csproj", "{40FF0DEB-FBDA-45F6-9BD2-DFA2EF43C914}"
EndProject
Project("{9A19103F-16F7-4668-BE54-9A1E7A4F7556}") = "FaceIO.Domain", "src\Api\FaceIO.Domain\FaceIO.Domain.csproj", "{E749868B-63F3-4BF5-913E-AAF5D5EBEEDA}"
EndProject
Project("{9A19103F-16F7-4668-BE54-9A1E7A4F7556}") = "FaceIO.Queries", "src\Api\FaceIO.Queries\FaceIO.Queries.csproj", "{5460C5E3-E96A-4476-90D5-0D65B206B9E7}"
EndProject
Global
	GlobalSection(SolutionConfigurationPlatforms) = preSolution
		Debug|Any CPU = Debug|Any CPU
		Release|Any CPU = Release|Any CPU
	EndGlobalSection
	GlobalSection(ProjectConfigurationPlatforms) = postSolution
		{55E570B7-AEB0-49CB-AC2F-D1A9F6ABC554}.Debug|Any CPU.ActiveCfg = Debug|Any CPU
		{55E570B7-AEB0-49CB-AC2F-D1A9F6ABC554}.Debug|Any CPU.Build.0 = Debug|Any CPU
		{55E570B7-AEB0-49CB-AC2F-D1A9F6ABC554}.Release|Any CPU.ActiveCfg = Release|Any CPU
		{55E570B7-AEB0-49CB-AC2F-D1A9F6ABC554}.Release|Any CPU.Build.0 = Release|Any CPU
		{6B20C803-6CB2-4826-BC12-E3D30F408EC1}.Debug|Any CPU.ActiveCfg = Debug|Any CPU
		{6B20C803-6CB2-4826-BC12-E3D30F408EC1}.Debug|Any CPU.Build.0 = Debug|Any CPU
		{6B20C803-6CB2-4826-BC12-E3D30F408EC1}.Release|Any CPU.ActiveCfg = Release|Any CPU
		{6B20C803-6CB2-4826-BC12-E3D30F408EC1}.Release|Any CPU.Build.0 = Release|Any CPU
		{484A552F-DBB7-401C-BC54-46838890A395}.Debug|Any CPU.ActiveCfg = Debug|Any CPU
		{484A552F-DBB7-401C-BC54-46838890A395}.Debug|Any CPU.Build.0 = Debug|Any CPU
		{484A552F-DBB7-401C-BC54-46838890A395}.Debug|Any CPU.Deploy.0 = Debug|Any CPU
		{484A552F-DBB7-401C-BC54-46838890A395}.Release|Any CPU.ActiveCfg = Release|Any CPU
		{484A552F-DBB7-401C-BC54-46838890A395}.Release|Any CPU.Build.0 = Release|Any CPU
		{484A552F-DBB7-401C-BC54-46838890A395}.Release|Any CPU.Deploy.0 = Release|Any CPU
		{7D334D57-91AB-4AB3-BB48-8E8E9AFA86E5}.Debug|Any CPU.ActiveCfg = Debug|Any CPU
		{7D334D57-91AB-4AB3-BB48-8E8E9AFA86E5}.Debug|Any CPU.Build.0 = Debug|Any CPU
		{7D334D57-91AB-4AB3-BB48-8E8E9AFA86E5}.Release|Any CPU.ActiveCfg = Release|Any CPU
		{7D334D57-91AB-4AB3-BB48-8E8E9AFA86E5}.Release|Any CPU.Build.0 = Release|Any CPU
		{759571CC-DA66-4267-AB14-7DB846D272FC}.Debug|Any CPU.ActiveCfg = Debug|Any CPU
		{759571CC-DA66-4267-AB14-7DB846D272FC}.Debug|Any CPU.Build.0 = Debug|Any CPU
		{759571CC-DA66-4267-AB14-7DB846D272FC}.Release|Any CPU.ActiveCfg = Release|Any CPU
		{759571CC-DA66-4267-AB14-7DB846D272FC}.Release|Any CPU.Build.0 = Release|Any CPU
		{40FF0DEB-FBDA-45F6-9BD2-DFA2EF43C914}.Debug|Any CPU.ActiveCfg = Debug|Any CPU
		{40FF0DEB-FBDA-45F6-9BD2-DFA2EF43C914}.Debug|Any CPU.Build.0 = Debug|Any CPU
		{40FF0DEB-FBDA-45F6-9BD2-DFA2EF43C914}.Release|Any CPU.ActiveCfg = Release|Any CPU
		{40FF0DEB-FBDA-45F6-9BD2-DFA2EF43C914}.Release|Any CPU.Build.0 = Release|Any CPU
		{E749868B-63F3-4BF5-913E-AAF5D5EBEEDA}.Debug|Any CPU.ActiveCfg = Debug|Any CPU
		{E749868B-63F3-4BF5-913E-AAF5D5EBEEDA}.Debug|Any CPU.Build.0 = Debug|Any CPU
		{E749868B-63F3-4BF5-913E-AAF5D5EBEEDA}.Release|Any CPU.ActiveCfg = Release|Any CPU
		{E749868B-63F3-4BF5-913E-AAF5D5EBEEDA}.Release|Any CPU.Build.0 = Release|Any CPU
		{5460C5E3-E96A-4476-90D5-0D65B206B9E7}.Debug|Any CPU.ActiveCfg = Debug|Any CPU
		{5460C5E3-E96A-4476-90D5-0D65B206B9E7}.Debug|Any CPU.Build.0 = Debug|Any CPU
		{5460C5E3-E96A-4476-90D5-0D65B206B9E7}.Release|Any CPU.ActiveCfg = Release|Any CPU
		{5460C5E3-E96A-4476-90D5-0D65B206B9E7}.Release|Any CPU.Build.0 = Release|Any CPU
	EndGlobalSection
	GlobalSection(SolutionProperties) = preSolution
		HideSolutionNode = FALSE
	EndGlobalSection
	GlobalSection(NestedProjects) = preSolution
		{E57EDF38-AA88-469B-AE45-2ED24E17F0FE} = {43714271-9C64-4FD3-84F0-5CAAD381E4CB}
		{6B20C803-6CB2-4826-BC12-E3D30F408EC1} = {F2B3A3FB-E2D8-4608-A5B5-597719821103}
		{484A552F-DBB7-401C-BC54-46838890A395} = {E57EDF38-AA88-469B-AE45-2ED24E17F0FE}
		{7D334D57-91AB-4AB3-BB48-8E8E9AFA86E5} = {43714271-9C64-4FD3-84F0-5CAAD381E4CB}
		{759571CC-DA66-4267-AB14-7DB846D272FC} = {43714271-9C64-4FD3-84F0-5CAAD381E4CB}
		{40FF0DEB-FBDA-45F6-9BD2-DFA2EF43C914} = {43714271-9C64-4FD3-84F0-5CAAD381E4CB}
		{E749868B-63F3-4BF5-913E-AAF5D5EBEEDA} = {43714271-9C64-4FD3-84F0-5CAAD381E4CB}
		{5460C5E3-E96A-4476-90D5-0D65B206B9E7} = {43714271-9C64-4FD3-84F0-5CAAD381E4CB}
	EndGlobalSection
	GlobalSection(ExtensibilityGlobals) = postSolution
		SolutionGuid = {69D0B476-6E0E-4E01-BD23-8AD30854B127}
	EndGlobalSection
EndGlobal
