
Microsoft Visual Studio Solution File, Format Version 12.00
# Visual Studio Version 17
VisualStudioVersion = 17.0.32112.339
MinimumVisualStudioVersion = 10.0.40219.1
Project("{2150E333-8FDC-42A3-9474-1A3956D46DE8}") = "Web", "Web", "{43714271-9C64-4FD3-84F0-5CAAD381E4CB}"
EndProject
Project("{9A19103F-16F7-4668-BE54-9A1E7A4F7556}") = "FaceIO.Api", "src\Web\FaceIO.Api\FaceIO.Api.csproj", "{7B580075-295A-4A18-A700-33A0B6608272}"
EndProject
Project("{2150E333-8FDC-42A3-9474-1A3956D46DE8}") = "Databases", "Databases", "{E57EDF38-AA88-469B-AE45-2ED24E17F0FE}"
EndProject
Project("{00D1A9C2-B5F0-4AF3-8072-F6C62B433612}") = "FaceIO.Database", "src\Web\Databases\FaceIO.Database\FaceIO.Database.sqlproj", "{484A552F-DBB7-401C-BC54-46838890A395}"
EndProject
Project("{9A19103F-16F7-4668-BE54-9A1E7A4F7556}") = "FaceIO.Contracts", "src\Web\FaceIO.Contracts\FaceIO.Contracts.csproj", "{3F71B4FB-3D52-4DFF-937C-14B5E3664BB5}"
EndProject
Project("{9A19103F-16F7-4668-BE54-9A1E7A4F7556}") = "FaceIO.Domain", "src\Web\FaceIO.Domain\FaceIO.Domain.csproj", "{8BE59D06-6A05-412E-A158-E86E35263C7C}"
EndProject
Project("{9A19103F-16F7-4668-BE54-9A1E7A4F7556}") = "FaceIO.Queries", "src\Web\FaceIO.Queries\FaceIO.Queries.csproj", "{BCC535FC-D219-441D-8B66-D18D63EC2395}"
EndProject
Project("{9A19103F-16F7-4668-BE54-9A1E7A4F7556}") = "FaceIO.Commands", "src\Web\FaceIO.Commands\FaceIO.Commands.csproj", "{DB725E2D-46B3-480C-B014-42EB783C6C9B}"
EndProject
Project("{E53339B2-1760-4266-BCC7-CA923CBCF16C}") = "docker-compose", "docker-compose.dcproj", "{55E570B7-AEB0-49CB-AC2F-D1A9F6ABC554}"
EndProject
Project("{2150E333-8FDC-42A3-9474-1A3956D46DE8}") = "Clients", "Clients", "{F2B3A3FB-E2D8-4608-A5B5-597719821103}"
EndProject
Project("{FAE04EC0-301F-11D3-BF4B-00C04F79EFBC}") = "FaceIO.Camera", "src\Clients\FaceIO.Camera\FaceIO.Camera.csproj", "{6B20C803-6CB2-4826-BC12-E3D30F408EC1}"
EndProject
Global
	GlobalSection(SolutionConfigurationPlatforms) = preSolution
		Debug|Any CPU = Debug|Any CPU
		Release|Any CPU = Release|Any CPU
	EndGlobalSection
	GlobalSection(ProjectConfigurationPlatforms) = postSolution
		{7B580075-295A-4A18-A700-33A0B6608272}.Debug|Any CPU.ActiveCfg = Debug|Any CPU
		{7B580075-295A-4A18-A700-33A0B6608272}.Debug|Any CPU.Build.0 = Debug|Any CPU
		{7B580075-295A-4A18-A700-33A0B6608272}.Release|Any CPU.ActiveCfg = Release|Any CPU
		{7B580075-295A-4A18-A700-33A0B6608272}.Release|Any CPU.Build.0 = Release|Any CPU
		{484A552F-DBB7-401C-BC54-46838890A395}.Debug|Any CPU.ActiveCfg = Debug|Any CPU
		{484A552F-DBB7-401C-BC54-46838890A395}.Debug|Any CPU.Build.0 = Debug|Any CPU
		{484A552F-DBB7-401C-BC54-46838890A395}.Debug|Any CPU.Deploy.0 = Debug|Any CPU
		{484A552F-DBB7-401C-BC54-46838890A395}.Release|Any CPU.ActiveCfg = Release|Any CPU
		{484A552F-DBB7-401C-BC54-46838890A395}.Release|Any CPU.Build.0 = Release|Any CPU
		{484A552F-DBB7-401C-BC54-46838890A395}.Release|Any CPU.Deploy.0 = Release|Any CPU
		{3F71B4FB-3D52-4DFF-937C-14B5E3664BB5}.Debug|Any CPU.ActiveCfg = Debug|Any CPU
		{3F71B4FB-3D52-4DFF-937C-14B5E3664BB5}.Debug|Any CPU.Build.0 = Debug|Any CPU
		{3F71B4FB-3D52-4DFF-937C-14B5E3664BB5}.Release|Any CPU.ActiveCfg = Release|Any CPU
		{3F71B4FB-3D52-4DFF-937C-14B5E3664BB5}.Release|Any CPU.Build.0 = Release|Any CPU
		{8BE59D06-6A05-412E-A158-E86E35263C7C}.Debug|Any CPU.ActiveCfg = Debug|Any CPU
		{8BE59D06-6A05-412E-A158-E86E35263C7C}.Debug|Any CPU.Build.0 = Debug|Any CPU
		{8BE59D06-6A05-412E-A158-E86E35263C7C}.Release|Any CPU.ActiveCfg = Release|Any CPU
		{8BE59D06-6A05-412E-A158-E86E35263C7C}.Release|Any CPU.Build.0 = Release|Any CPU
		{BCC535FC-D219-441D-8B66-D18D63EC2395}.Debug|Any CPU.ActiveCfg = Debug|Any CPU
		{BCC535FC-D219-441D-8B66-D18D63EC2395}.Debug|Any CPU.Build.0 = Debug|Any CPU
		{BCC535FC-D219-441D-8B66-D18D63EC2395}.Release|Any CPU.ActiveCfg = Release|Any CPU
		{BCC535FC-D219-441D-8B66-D18D63EC2395}.Release|Any CPU.Build.0 = Release|Any CPU
		{DB725E2D-46B3-480C-B014-42EB783C6C9B}.Debug|Any CPU.ActiveCfg = Debug|Any CPU
		{DB725E2D-46B3-480C-B014-42EB783C6C9B}.Debug|Any CPU.Build.0 = Debug|Any CPU
		{DB725E2D-46B3-480C-B014-42EB783C6C9B}.Release|Any CPU.ActiveCfg = Release|Any CPU
		{DB725E2D-46B3-480C-B014-42EB783C6C9B}.Release|Any CPU.Build.0 = Release|Any CPU
		{55E570B7-AEB0-49CB-AC2F-D1A9F6ABC554}.Debug|Any CPU.ActiveCfg = Debug|Any CPU
		{55E570B7-AEB0-49CB-AC2F-D1A9F6ABC554}.Debug|Any CPU.Build.0 = Debug|Any CPU
		{55E570B7-AEB0-49CB-AC2F-D1A9F6ABC554}.Release|Any CPU.ActiveCfg = Release|Any CPU
		{55E570B7-AEB0-49CB-AC2F-D1A9F6ABC554}.Release|Any CPU.Build.0 = Release|Any CPU
		{6B20C803-6CB2-4826-BC12-E3D30F408EC1}.Debug|Any CPU.ActiveCfg = Debug|Any CPU
		{6B20C803-6CB2-4826-BC12-E3D30F408EC1}.Debug|Any CPU.Build.0 = Debug|Any CPU
		{6B20C803-6CB2-4826-BC12-E3D30F408EC1}.Release|Any CPU.ActiveCfg = Release|Any CPU
		{6B20C803-6CB2-4826-BC12-E3D30F408EC1}.Release|Any CPU.Build.0 = Release|Any CPU
	EndGlobalSection
	GlobalSection(SolutionProperties) = preSolution
		HideSolutionNode = FALSE
	EndGlobalSection
	GlobalSection(NestedProjects) = preSolution
		{7B580075-295A-4A18-A700-33A0B6608272} = {43714271-9C64-4FD3-84F0-5CAAD381E4CB}
		{E57EDF38-AA88-469B-AE45-2ED24E17F0FE} = {43714271-9C64-4FD3-84F0-5CAAD381E4CB}
		{484A552F-DBB7-401C-BC54-46838890A395} = {E57EDF38-AA88-469B-AE45-2ED24E17F0FE}
		{3F71B4FB-3D52-4DFF-937C-14B5E3664BB5} = {43714271-9C64-4FD3-84F0-5CAAD381E4CB}
		{8BE59D06-6A05-412E-A158-E86E35263C7C} = {43714271-9C64-4FD3-84F0-5CAAD381E4CB}
		{BCC535FC-D219-441D-8B66-D18D63EC2395} = {43714271-9C64-4FD3-84F0-5CAAD381E4CB}
		{DB725E2D-46B3-480C-B014-42EB783C6C9B} = {43714271-9C64-4FD3-84F0-5CAAD381E4CB}
		{6B20C803-6CB2-4826-BC12-E3D30F408EC1} = {F2B3A3FB-E2D8-4608-A5B5-597719821103}
	EndGlobalSection
	GlobalSection(ExtensibilityGlobals) = postSolution
		SolutionGuid = {69D0B476-6E0E-4E01-BD23-8AD30854B127}
	EndGlobalSection
EndGlobal
